
Microsoft Visual Studio Solution File, Format Version 12.00
# Visual Studio Version 16
VisualStudioVersion = 16.0.29728.190
MinimumVisualStudioVersion = 10.0.40219.1
Project("{FAE04EC0-301F-11D3-BF4B-00C04F79EFBC}") = "SessionState", "SessionState\SessionState.csproj", "{AD1FEA57-ECBB-40B2-A112-863B1BA3B27B}"
EndProject
Project("{FAE04EC0-301F-11D3-BF4B-00C04F79EFBC}") = "Online_Ticket_Booking", "Online_Ticket_Booking\Online_Ticket_Booking.csproj", "{F66EDB98-D4A0-4056-9CB3-069BB350B4C8}"
EndProject
Global
	GlobalSection(SolutionConfigurationPlatforms) = preSolution
		Debug|Any CPU = Debug|Any CPU
		Release|Any CPU = Release|Any CPU
	EndGlobalSection
	GlobalSection(ProjectConfigurationPlatforms) = postSolution
		{AD1FEA57-ECBB-40B2-A112-863B1BA3B27B}.Debug|Any CPU.ActiveCfg = Debug|Any CPU
		{AD1FEA57-ECBB-40B2-A112-863B1BA3B27B}.Debug|Any CPU.Build.0 = Debug|Any CPU
		{AD1FEA57-ECBB-40B2-A112-863B1BA3B27B}.Release|Any CPU.ActiveCfg = Release|Any CPU
		{AD1FEA57-ECBB-40B2-A112-863B1BA3B27B}.Release|Any CPU.Build.0 = Release|Any CPU
		{F66EDB98-D4A0-4056-9CB3-069BB350B4C8}.Debug|Any CPU.ActiveCfg = Debug|Any CPU
		{F66EDB98-D4A0-4056-9CB3-069BB350B4C8}.Debug|Any CPU.Build.0 = Debug|Any CPU
		{F66EDB98-D4A0-4056-9CB3-069BB350B4C8}.Release|Any CPU.ActiveCfg = Release|Any CPU
		{F66EDB98-D4A0-4056-9CB3-069BB350B4C8}.Release|Any CPU.Build.0 = Release|Any CPU
	EndGlobalSection
	GlobalSection(SolutionProperties) = preSolution
		HideSolutionNode = FALSE
	EndGlobalSection
	GlobalSection(ExtensibilityGlobals) = postSolution
		SolutionGuid = {7BA6BA52-5948-4210-AA43-5D82E020585E}
	EndGlobalSection
EndGlobal
